
Microsoft Visual Studio Solution File, Format Version 12.00
# Visual Studio Version 16
VisualStudioVersion = 16.0.30320.27
MinimumVisualStudioVersion = 10.0.40219.1
Project("{FAE04EC0-301F-11D3-BF4B-00C04F79EFBC}") = "Program", "Program.csproj", "{98F4387A-8F4B-4F80-8791-E3E8BF3F5559}"
EndProject
Global
	GlobalSection(SolutionConfigurationPlatforms) = preSolution
		Debug|Any CPU = Debug|Any CPU
		Release|Any CPU = Release|Any CPU
	EndGlobalSection
	GlobalSection(ProjectConfigurationPlatforms) = postSolution
		{98F4387A-8F4B-4F80-8791-E3E8BF3F5559}.Debug|Any CPU.ActiveCfg = Debug|Any CPU
		{98F4387A-8F4B-4F80-8791-E3E8BF3F5559}.Debug|Any CPU.Build.0 = Debug|Any CPU
		{98F4387A-8F4B-4F80-8791-E3E8BF3F5559}.Release|Any CPU.ActiveCfg = Release|Any CPU
		{98F4387A-8F4B-4F80-8791-E3E8BF3F5559}.Release|Any CPU.Build.0 = Release|Any CPU
	EndGlobalSection
	GlobalSection(SolutionProperties) = preSolution
		HideSolutionNode = FALSE
	EndGlobalSection
	GlobalSection(ExtensibilityGlobals) = postSolution
		SolutionGuid = {AD103429-EDE2-4B2E-AF4F-DD66A91B4BFD}
	EndGlobalSection
EndGlobal
